// !$*UTF8*$!
{
	archiveVersion = 1;
	classes = {
	};
	objectVersion = 50;
	objects = {

/* Begin PBXBuildFile section */
		06EE54AC6F0709A7E80E053F /* Pods_ModuleB.framework in Frameworks */ = {isa = PBXBuildFile; fileRef = 733908D4561AE019672B4B51 /* Pods_ModuleB.framework */; };
		F3820FDA250F600100F3D032 /* AppDelegate.swift in Sources */ = {isa = PBXBuildFile; fileRef = F3820FD9250F600100F3D032 /* AppDelegate.swift */; };
		F3820FDE250F600100F3D032 /* ViewController.swift in Sources */ = {isa = PBXBuildFile; fileRef = F3820FDD250F600100F3D032 /* ViewController.swift */; };
		F3820FE1250F600100F3D032 /* Main.storyboard in Resources */ = {isa = PBXBuildFile; fileRef = F3820FDF250F600100F3D032 /* Main.storyboard */; };
		F3820FE3250F600500F3D032 /* Assets.xcassets in Resources */ = {isa = PBXBuildFile; fileRef = F3820FE2250F600500F3D032 /* Assets.xcassets */; };
		F3820FE6250F600500F3D032 /* LaunchScreen.storyboard in Resources */ = {isa = PBXBuildFile; fileRef = F3820FE4250F600500F3D032 /* LaunchScreen.storyboard */; };
		F382126D2510CB3000F3D032 /* ModuleB.podspec in Resources */ = {isa = PBXBuildFile; fileRef = F382126C2510CB3000F3D032 /* ModuleB.podspec */; };
		F382126F2510CB6C00F3D032 /* ModuleB.storyboard in Resources */ = {isa = PBXBuildFile; fileRef = F382126E2510CB6C00F3D032 /* ModuleB.storyboard */; };
		F38212712510CB7B00F3D032 /* ModuleBDetailViewController.swift in Sources */ = {isa = PBXBuildFile; fileRef = F38212702510CB7B00F3D032 /* ModuleBDetailViewController.swift */; };
		F38212732510CB8400F3D032 /* ModuleBViewController.swift in Sources */ = {isa = PBXBuildFile; fileRef = F38212722510CB8400F3D032 /* ModuleBViewController.swift */; };
/* End PBXBuildFile section */

/* Begin PBXFileReference section */
		733908D4561AE019672B4B51 /* Pods_ModuleB.framework */ = {isa = PBXFileReference; explicitFileType = wrapper.framework; includeInIndex = 0; path = Pods_ModuleB.framework; sourceTree = BUILT_PRODUCTS_DIR; };
		7416827265B5E070E055D2A2 /* Pods-ModuleB.release.xcconfig */ = {isa = PBXFileReference; includeInIndex = 1; lastKnownFileType = text.xcconfig; name = "Pods-ModuleB.release.xcconfig"; path = "Target Support Files/Pods-ModuleB/Pods-ModuleB.release.xcconfig"; sourceTree = "<group>"; };
		D26940CFF113CD1799725866 /* Pods-ModuleB.debug.xcconfig */ = {isa = PBXFileReference; includeInIndex = 1; lastKnownFileType = text.xcconfig; name = "Pods-ModuleB.debug.xcconfig"; path = "Target Support Files/Pods-ModuleB/Pods-ModuleB.debug.xcconfig"; sourceTree = "<group>"; };
		F3820FD6250F600000F3D032 /* ModuleB.app */ = {isa = PBXFileReference; explicitFileType = wrapper.application; includeInIndex = 0; path = ModuleB.app; sourceTree = BUILT_PRODUCTS_DIR; };
		F3820FD9250F600100F3D032 /* AppDelegate.swift */ = {isa = PBXFileReference; lastKnownFileType = sourcecode.swift; path = AppDelegate.swift; sourceTree = "<group>"; };
		F3820FDD250F600100F3D032 /* ViewController.swift */ = {isa = PBXFileReference; lastKnownFileType = sourcecode.swift; path = ViewController.swift; sourceTree = "<group>"; };
		F3820FE0250F600100F3D032 /* Base */ = {isa = PBXFileReference; lastKnownFileType = file.storyboard; name = Base; path = Base.lproj/Main.storyboard; sourceTree = "<group>"; };
		F3820FE2250F600500F3D032 /* Assets.xcassets */ = {isa = PBXFileReference; lastKnownFileType = folder.assetcatalog; path = Assets.xcassets; sourceTree = "<group>"; };
		F3820FE5250F600500F3D032 /* Base */ = {isa = PBXFileReference; lastKnownFileType = file.storyboard; name = Base; path = Base.lproj/LaunchScreen.storyboard; sourceTree = "<group>"; };
		F3820FE7250F600500F3D032 /* Info.plist */ = {isa = PBXFileReference; lastKnownFileType = text.plist.xml; path = Info.plist; sourceTree = "<group>"; };
		F382126B2510CB1400F3D032 /* ModuleB-Swift.h */ = {isa = PBXFileReference; lastKnownFileType = sourcecode.c.h; path = "ModuleB-Swift.h"; sourceTree = "<group>"; };
		F382126C2510CB3000F3D032 /* ModuleB.podspec */ = {isa = PBXFileReference; lastKnownFileType = file; path = ModuleB.podspec; sourceTree = SOURCE_ROOT; };
		F382126E2510CB6C00F3D032 /* ModuleB.storyboard */ = {isa = PBXFileReference; lastKnownFileType = file.storyboard; path = ModuleB.storyboard; sourceTree = "<group>"; };
		F38212702510CB7B00F3D032 /* ModuleBDetailViewController.swift */ = {isa = PBXFileReference; lastKnownFileType = sourcecode.swift; path = ModuleBDetailViewController.swift; sourceTree = "<group>"; };
		F38212722510CB8400F3D032 /* ModuleBViewController.swift */ = {isa = PBXFileReference; lastKnownFileType = sourcecode.swift; path = ModuleBViewController.swift; sourceTree = "<group>"; };
/* End PBXFileReference section */

/* Begin PBXFrameworksBuildPhase section */
		F3820FD3250F600000F3D032 /* Frameworks */ = {
			isa = PBXFrameworksBuildPhase;
			buildActionMask = 2147483647;
			files = (
				06EE54AC6F0709A7E80E053F /* Pods_ModuleB.framework in Frameworks */,
			);
			runOnlyForDeploymentPostprocessing = 0;
		};
/* End PBXFrameworksBuildPhase section */

/* Begin PBXGroup section */
		5A919A1A618212E200603262 /* Frameworks */ = {
			isa = PBXGroup;
			children = (
				733908D4561AE019672B4B51 /* Pods_ModuleB.framework */,
			);
			name = Frameworks;
			sourceTree = "<group>";
		};
		5F9528FB911EA2CFC08ADAE2 /* Pods */ = {
			isa = PBXGroup;
			children = (
				D26940CFF113CD1799725866 /* Pods-ModuleB.debug.xcconfig */,
				7416827265B5E070E055D2A2 /* Pods-ModuleB.release.xcconfig */,
			);
			path = Pods;
			sourceTree = "<group>";
		};
		F3820FCD250F600000F3D032 = {
			isa = PBXGroup;
			children = (
				F3820FD8250F600100F3D032 /* ModuleB */,
				F3820FD7250F600000F3D032 /* Products */,
				5F9528FB911EA2CFC08ADAE2 /* Pods */,
				5A919A1A618212E200603262 /* Frameworks */,
			);
			sourceTree = "<group>";
		};
		F3820FD7250F600000F3D032 /* Products */ = {
			isa = PBXGroup;
			children = (
				F3820FD6250F600000F3D032 /* ModuleB.app */,
			);
			name = Products;
			sourceTree = "<group>";
		};
		F3820FD8250F600100F3D032 /* ModuleB */ = {
			isa = PBXGroup;
			children = (
				F382126A2510CAF700F3D032 /* Class */,
				F3820FD9250F600100F3D032 /* AppDelegate.swift */,
				F3820FDD250F600100F3D032 /* ViewController.swift */,
				F382126B2510CB1400F3D032 /* ModuleB-Swift.h */,
				F382126C2510CB3000F3D032 /* ModuleB.podspec */,
				F3820FDF250F600100F3D032 /* Main.storyboard */,
				F3820FE2250F600500F3D032 /* Assets.xcassets */,
				F3820FE4250F600500F3D032 /* LaunchScreen.storyboard */,
				F3820FE7250F600500F3D032 /* Info.plist */,
			);
			path = ModuleB;
			sourceTree = "<group>";
		};
		F382126A2510CAF700F3D032 /* Class */ = {
			isa = PBXGroup;
			children = (
				F38212722510CB8400F3D032 /* ModuleBViewController.swift */,
				F38212702510CB7B00F3D032 /* ModuleBDetailViewController.swift */,
				F382126E2510CB6C00F3D032 /* ModuleB.storyboard */,
			);
			path = Class;
			sourceTree = "<group>";
		};
/* End PBXGroup section */

/* Begin PBXNativeTarget section */
		F3820FD5250F600000F3D032 /* ModuleB */ = {
			isa = PBXNativeTarget;
			buildConfigurationList = F3820FEA250F600500F3D032 /* Build configuration list for PBXNativeTarget "ModuleB" */;
			buildPhases = (
				335B4AC244A841387408BF51 /* [CP] Check Pods Manifest.lock */,
				F3820FD2250F600000F3D032 /* Sources */,
				F3820FD3250F600000F3D032 /* Frameworks */,
				F3820FD4250F600000F3D032 /* Resources */,
			);
			buildRules = (
			);
			dependencies = (
			);
			name = ModuleB;
			productName = ModuleB;
			productReference = F3820FD6250F600000F3D032 /* ModuleB.app */;
			productType = "com.apple.product-type.application";
		};
/* End PBXNativeTarget section */

/* Begin PBXProject section */
		F3820FCE250F600000F3D032 /* Project object */ = {
			isa = PBXProject;
			attributes = {
				LastSwiftUpdateCheck = 1160;
				LastUpgradeCheck = 1160;
				ORGANIZATIONNAME = X;
				TargetAttributes = {
					F3820FD5250F600000F3D032 = {
						CreatedOnToolsVersion = 11.6;
					};
				};
			};
			buildConfigurationList = F3820FD1250F600000F3D032 /* Build configuration list for PBXProject "ModuleB" */;
			compatibilityVersion = "Xcode 9.3";
			developmentRegion = en;
			hasScannedForEncodings = 0;
			knownRegions = (
				en,
				Base,
			);
			mainGroup = F3820FCD250F600000F3D032;
			productRefGroup = F3820FD7250F600000F3D032 /* Products */;
			projectDirPath = "";
			projectRoot = "";
			targets = (
				F3820FD5250F600000F3D032 /* ModuleB */,
			);
		};
/* End PBXProject section */

/* Begin PBXResourcesBuildPhase section */
		F3820FD4250F600000F3D032 /* Resources */ = {
			isa = PBXResourcesBuildPhase;
			buildActionMask = 2147483647;
			files = (
				F3820FE6250F600500F3D032 /* LaunchScreen.storyboard in Resources */,
				F3820FE3250F600500F3D032 /* Assets.xcassets in Resources */,
				F3820FE1250F600100F3D032 /* Main.storyboard in Resources */,
				F382126D2510CB3000F3D032 /* ModuleB.podspec in Resources */,
				F382126F2510CB6C00F3D032 /* ModuleB.storyboard in Resources */,
			);
			runOnlyForDeploymentPostprocessing = 0;
		};
/* End PBXResourcesBuildPhase section */

/* Begin PBXShellScriptBuildPhase section */
		335B4AC244A841387408BF51 /* [CP] Check Pods Manifest.lock */ = {
			isa = PBXShellScriptBuildPhase;
			buildActionMask = 2147483647;
			files = (
			);
			inputFileListPaths = (
			);
			inputPaths = (
				"${PODS_PODFILE_DIR_PATH}/Podfile.lock",
				"${PODS_ROOT}/Manifest.lock",
			);
			name = "[CP] Check Pods Manifest.lock";
			outputFileListPaths = (
			);
			outputPaths = (
				"$(DERIVED_FILE_DIR)/Pods-ModuleB-checkManifestLockResult.txt",
			);
			runOnlyForDeploymentPostprocessing = 0;
			shellPath = /bin/sh;
			shellScript = "diff \"${PODS_PODFILE_DIR_PATH}/Podfile.lock\" \"${PODS_ROOT}/Manifest.lock\" > /dev/null\nif [ $? != 0 ] ; then\n    # print error to STDERR\n    echo \"error: The sandbox is not in sync with the Podfile.lock. Run 'pod install' or update your CocoaPods installation.\" >&2\n    exit 1\nfi\n# This output is used by Xcode 'outputs' to avoid re-running this script phase.\necho \"SUCCESS\" > \"${SCRIPT_OUTPUT_FILE_0}\"\n";
			showEnvVarsInLog = 0;
		};
/* End PBXShellScriptBuildPhase section */

/* Begin PBXSourcesBuildPhase section */
		F3820FD2250F600000F3D032 /* Sources */ = {
			isa = PBXSourcesBuildPhase;
			buildActionMask = 2147483647;
			files = (
				F38212712510CB7B00F3D032 /* ModuleBDetailViewController.swift in Sources */,
				F38212732510CB8400F3D032 /* ModuleBViewController.swift in Sources */,
				F3820FDE250F600100F3D032 /* ViewController.swift in Sources */,
				F3820FDA250F600100F3D032 /* AppDelegate.swift in Sources */,
			);
			runOnlyForDeploymentPostprocessing = 0;
		};
/* End PBXSourcesBuildPhase section */

/* Begin PBXVariantGroup section */
		F3820FDF250F600100F3D032 /* Main.storyboard */ = {
			isa = PBXVariantGroup;
			children = (
				F3820FE0250F600100F3D032 /* Base */,
			);
			name = Main.storyboard;
			sourceTree = "<group>";
		};
		F3820FE4250F600500F3D032 /* LaunchScreen.storyboard */ = {
			isa = PBXVariantGroup;
			children = (
				F3820FE5250F600500F3D032 /* Base */,
			);
			name = LaunchScreen.storyboard;
			sourceTree = "<group>";
		};
/* End PBXVariantGroup section */

/* Begin XCBuildConfiguration section */
		F3820FE8250F600500F3D032 /* Debug */ = {
			isa = XCBuildConfiguration;
			buildSettings = {
				ALWAYS_SEARCH_USER_PATHS = NO;
				CLANG_ANALYZER_NONNULL = YES;
				CLANG_ANALYZER_NUMBER_OBJECT_CONVERSION = YES_AGGRESSIVE;
				CLANG_CXX_LANGUAGE_STANDARD = "gnu++14";
				CLANG_CXX_LIBRARY = "libc++";
				CLANG_ENABLE_MODULES = YES;
				CLANG_ENABLE_OBJC_ARC = YES;
				CLANG_ENABLE_OBJC_WEAK = YES;
				CLANG_WARN_BLOCK_CAPTURE_AUTORELEASING = YES;
				CLANG_WARN_BOOL_CONVERSION = YES;
				CLANG_WARN_COMMA = YES;
				CLANG_WARN_CONSTANT_CONVERSION = YES;
				CLANG_WARN_DEPRECATED_OBJC_IMPLEMENTATIONS = YES;
				CLANG_WARN_DIRECT_OBJC_ISA_USAGE = YES_ERROR;
				CLANG_WARN_DOCUMENTATION_COMMENTS = YES;
				CLANG_WARN_EMPTY_BODY = YES;
				CLANG_WARN_ENUM_CONVERSION = YES;
				CLANG_WARN_INFINITE_RECURSION = YES;
				CLANG_WARN_INT_CONVERSION = YES;
				CLANG_WARN_NON_LITERAL_NULL_CONVERSION = YES;
				CLANG_WARN_OBJC_IMPLICIT_RETAIN_SELF = YES;
				CLANG_WARN_OBJC_LITERAL_CONVERSION = YES;
				CLANG_WARN_OBJC_ROOT_CLASS = YES_ERROR;
				CLANG_WARN_RANGE_LOOP_ANALYSIS = YES;
				CLANG_WARN_STRICT_PROTOTYPES = YES;
				CLANG_WARN_SUSPICIOUS_MOVE = YES;
				CLANG_WARN_UNGUARDED_AVAILABILITY = YES_AGGRESSIVE;
				CLANG_WARN_UNREACHABLE_CODE = YES;
				CLANG_WARN__DUPLICATE_METHOD_MATCH = YES;
				COPY_PHASE_STRIP = NO;
				DEBUG_INFORMATION_FORMAT = dwarf;
				ENABLE_STRICT_OBJC_MSGSEND = YES;
				ENABLE_TESTABILITY = YES;
				GCC_C_LANGUAGE_STANDARD = gnu11;
				GCC_DYNAMIC_NO_PIC = NO;
				GCC_NO_COMMON_BLOCKS = YES;
				GCC_OPTIMIZATION_LEVEL = 0;
				GCC_PREPROCESSOR_DEFINITIONS = (
					"DEBUG=1",
					"$(inherited)",
				);
				GCC_WARN_64_TO_32_BIT_CONVERSION = YES;
				GCC_WARN_ABOUT_RETURN_TYPE = YES_ERROR;
				GCC_WARN_UNDECLARED_SELECTOR = YES;
				GCC_WARN_UNINITIALIZED_AUTOS = YES_AGGRESSIVE;
				GCC_WARN_UNUSED_FUNCTION = YES;
				GCC_WARN_UNUSED_VARIABLE = YES;
				IPHONEOS_DEPLOYMENT_TARGET = 13.6;
				MTL_ENABLE_DEBUG_INFO = INCLUDE_SOURCE;
				MTL_FAST_MATH = YES;
				ONLY_ACTIVE_ARCH = YES;
				SDKROOT = iphoneos;
				SWIFT_ACTIVE_COMPILATION_CONDITIONS = DEBUG;
				SWIFT_OPTIMIZATION_LEVEL = "-Onone";
			};
			name = Debug;
		};
		F3820FE9250F600500F3D032 /* Release */ = {
			isa = XCBuildConfiguration;
			buildSettings = {
				ALWAYS_SEARCH_USER_PATHS = NO;
				CLANG_ANALYZER_NONNULL = YES;
				CLANG_ANALYZER_NUMBER_OBJECT_CONVERSION = YES_AGGRESSIVE;
				CLANG_CXX_LANGUAGE_STANDARD = "gnu++14";
				CLANG_CXX_LIBRARY = "libc++";
				CLANG_ENABLE_MODULES = YES;
				CLANG_ENABLE_OBJC_ARC = YES;
				CLANG_ENABLE_OBJC_WEAK = YES;
				CLANG_WARN_BLOCK_CAPTURE_AUTORELEASING = YES;
				CLANG_WARN_BOOL_CONVERSION = YES;
				CLANG_WARN_COMMA = YES;
				CLANG_WARN_CONSTANT_CONVERSION = YES;
				CLANG_WARN_DEPRECATED_OBJC_IMPLEMENTATIONS = YES;
				CLANG_WARN_DIRECT_OBJC_ISA_USAGE = YES_ERROR;
				CLANG_WARN_DOCUMENTATION_COMMENTS = YES;
				CLANG_WARN_EMPTY_BODY = YES;
				CLANG_WARN_ENUM_CONVERSION = YES;
				CLANG_WARN_INFINITE_RECURSION = YES;
				CLANG_WARN_INT_CONVERSION = YES;
				CLANG_WARN_NON_LITERAL_NULL_CONVERSION = YES;
				CLANG_WARN_OBJC_IMPLICIT_RETAIN_SELF = YES;
				CLANG_WARN_OBJC_LITERAL_CONVERSION = YES;
				CLANG_WARN_OBJC_ROOT_CLASS = YES_ERROR;
				CLANG_WARN_RANGE_LOOP_ANALYSIS = YES;
				CLANG_WARN_STRICT_PROTOTYPES = YES;
				CLANG_WARN_SUSPICIOUS_MOVE = YES;
				CLANG_WARN_UNGUARDED_AVAILABILITY = YES_AGGRESSIVE;
				CLANG_WARN_UNREACHABLE_CODE = YES;
				CLANG_WARN__DUPLICATE_METHOD_MATCH = YES;
				COPY_PHASE_STRIP = NO;
				DEBUG_INFORMATION_FORMAT = "dwarf-with-dsym";
				ENABLE_NS_ASSERTIONS = NO;
				ENABLE_STRICT_OBJC_MSGSEND = YES;
				GCC_C_LANGUAGE_STANDARD = gnu11;
				GCC_NO_COMMON_BLOCKS = YES;
				GCC_WARN_64_TO_32_BIT_CONVERSION = YES;
				GCC_WARN_ABOUT_RETURN_TYPE = YES_ERROR;
				GCC_WARN_UNDECLARED_SELECTOR = YES;
				GCC_WARN_UNINITIALIZED_AUTOS = YES_AGGRESSIVE;
				GCC_WARN_UNUSED_FUNCTION = YES;
				GCC_WARN_UNUSED_VARIABLE = YES;
				IPHONEOS_DEPLOYMENT_TARGET = 13.6;
				MTL_ENABLE_DEBUG_INFO = NO;
				MTL_FAST_MATH = YES;
				SDKROOT = iphoneos;
				SWIFT_COMPILATION_MODE = wholemodule;
				SWIFT_OPTIMIZATION_LEVEL = "-O";
				VALIDATE_PRODUCT = YES;
			};
			name = Release;
		};
		F3820FEB250F600500F3D032 /* Debug */ = {
			isa = XCBuildConfiguration;
			baseConfigurationReference = D26940CFF113CD1799725866 /* Pods-ModuleB.debug.xcconfig */;
			buildSettings = {
				ASSETCATALOG_COMPILER_APPICON_NAME = AppIcon;
				CODE_SIGN_STYLE = Automatic;
				DEVELOPMENT_TEAM = 5NJQ6UMZKW;
				INFOPLIST_FILE = ModuleB/Info.plist;
				IPHONEOS_DEPLOYMENT_TARGET = 10.0;
				LD_RUNPATH_SEARCH_PATHS = (
					"$(inherited)",
					"@executable_path/Frameworks",
				);
				PRODUCT_BUNDLE_IDENTIFIER = com.x.ModuleB;
				PRODUCT_NAME = "$(TARGET_NAME)";
				SWIFT_VERSION = 5.0;
				TARGETED_DEVICE_FAMILY = "1,2";
			};
			name = Debug;
		};
		F3820FEC250F600500F3D032 /* Release */ = {
			isa = XCBuildConfiguration;
			baseConfigurationReference = 7416827265B5E070E055D2A2 /* Pods-ModuleB.release.xcconfig */;
			buildSettings = {
				ASSETCATALOG_COMPILER_APPICON_NAME = AppIcon;
				CODE_SIGN_STYLE = Automatic;
				DEVELOPMENT_TEAM = 5NJQ6UMZKW;
				INFOPLIST_FILE = ModuleB/Info.plist;
				IPHONEOS_DEPLOYMENT_TARGET = 10.0;
				LD_RUNPATH_SEARCH_PATHS = (
					"$(inherited)",
					"@executable_path/Frameworks",
				);
				PRODUCT_BUNDLE_IDENTIFIER = com.x.ModuleB;
				PRODUCT_NAME = "$(TARGET_NAME)";
				SWIFT_VERSION = 5.0;
				TARGETED_DEVICE_FAMILY = "1,2";
			};
			name = Release;
		};
/* End XCBuildConfiguration section */

/* Begin XCConfigurationList section */
		F3820FD1250F600000F3D032 /* Build configuration list for PBXProject "ModuleB" */ = {
			isa = XCConfigurationList;
			buildConfigurations = (
				F3820FE8250F600500F3D032 /* Debug */,
				F3820FE9250F600500F3D032 /* Release */,
			);
			defaultConfigurationIsVisible = 0;
			defaultConfigurationName = Release;
		};
		F3820FEA250F600500F3D032 /* Build configuration list for PBXNativeTarget "ModuleB" */ = {
			isa = XCConfigurationList;
			buildConfigurations = (
				F3820FEB250F600500F3D032 /* Debug */,
				F3820FEC250F600500F3D032 /* Release */,
			);
			defaultConfigurationIsVisible = 0;
			defaultConfigurationName = Release;
		};
/* End XCConfigurationList section */
	};
	rootObject = F3820FCE250F600000F3D032 /* Project object */;
}
